<Solution>
  <Folder Name="/Demonstrations/">
    <Project Path="Demo06_Boucles/Demo06_Boucles.csproj" />
    <Project Path="Demo07_Tableaux/Demo07_Tableaux.csproj" />
  </Folder>
  <Folder Name="/Exercices/">
    <Project Path="Page150Exo01/Page150Exo01.csproj" />
    <Project Path="Page150Exo02/Page150Exo02.csproj" />
    <Project Path="Page150Exo3/Page150Exo3.csproj" />
    <Project Path="Page150Exo5/Page150Exo5.csproj" />
  </Folder>
  <Project Path="Rappel/Rappel.csproj" />
</Solution>
